
Microsoft Visual Studio Solution File, Format Version 12.00
# Visual Studio Version 16
VisualStudioVersion = 16.0.31205.134
MinimumVisualStudioVersion = 10.0.40219.1
Project("{FAE04EC0-301F-11D3-BF4B-00C04F79EFBC}") = "HalloDatenbank", "HalloDatenbank\HalloDatenbank.csproj", "{E7331D54-46A9-49C4-9530-F17A5CCDC95F}"
EndProject
Global
	GlobalSection(SolutionConfigurationPlatforms) = preSolution
		Debug|Any CPU = Debug|Any CPU
		Release|Any CPU = Release|Any CPU
	EndGlobalSection
	GlobalSection(ProjectConfigurationPlatforms) = postSolution
		{E7331D54-46A9-49C4-9530-F17A5CCDC95F}.Debug|Any CPU.ActiveCfg = Debug|Any CPU
		{E7331D54-46A9-49C4-9530-F17A5CCDC95F}.Debug|Any CPU.Build.0 = Debug|Any CPU
		{E7331D54-46A9-49C4-9530-F17A5CCDC95F}.Release|Any CPU.ActiveCfg = Release|Any CPU
		{E7331D54-46A9-49C4-9530-F17A5CCDC95F}.Release|Any CPU.Build.0 = Release|Any CPU
	EndGlobalSection
	GlobalSection(SolutionProperties) = preSolution
		HideSolutionNode = FALSE
	EndGlobalSection
	GlobalSection(ExtensibilityGlobals) = postSolution
		SolutionGuid = {25F32DA8-4110-416B-88F7-F6B2389D7C85}
	EndGlobalSection
EndGlobal
